{
  "lockfileVersion": 1,
  "workspaces": {
    "": {
      "name": "pay.ubq.fi-backend",
      "dependencies": {
        "@hono/node-server": "^1.19.2",
        "@supabase/supabase-js": "^2.57.4",
        "hono": "^4.9.6",
      },
      "devDependencies": {
        "typescript": "^5.3.3",
      },
    },
  },
  "packages": {
    "@hono/node-server": ["@hono/node-server@1.19.2", "", { "peerDependencies": { "hono": "^4" } }, "sha512-lndWsd9De/btN998Aiv6gkeMVV2h9Cc0AR0qwFTmxx/YFh/PbrjgoxTpHaNaRn6F4GAkPiVJwI0W0gQF4Wn8EA=="],

    "@supabase/auth-js": ["@supabase/auth-js@2.71.1", "", { "dependencies": { "@supabase/node-fetch": "^2.6.14" } }, "sha512-mMIQHBRc+SKpZFRB2qtupuzulaUhFYupNyxqDj5Jp/LyPvcWvjaJzZzObv6URtL/O6lPxkanASnotGtNpS3H2Q=="],

    "@supabase/functions-js": ["@supabase/functions-js@2.4.6", "", { "dependencies": { "@supabase/node-fetch": "^2.6.14" } }, "sha512-bhjZ7rmxAibjgmzTmQBxJU6ZIBCCJTc3Uwgvdi4FewueUTAGO5hxZT1Sj6tiD+0dSXf9XI87BDdJrg12z8Uaew=="],

    "@supabase/node-fetch": ["@supabase/node-fetch@2.6.15", "", { "dependencies": { "whatwg-url": "^5.0.0" } }, "sha512-1ibVeYUacxWYi9i0cf5efil6adJ9WRyZBLivgjs+AUpewx1F3xPi7gLgaASI2SmIQxPoCEjAsLAzKPgMJVgOUQ=="],

    "@supabase/postgrest-js": ["@supabase/postgrest-js@1.21.4", "", { "dependencies": { "@supabase/node-fetch": "^2.6.14" } }, "sha512-TxZCIjxk6/dP9abAi89VQbWWMBbybpGWyvmIzTd79OeravM13OjR/YEYeyUOPcM1C3QyvXkvPZhUfItvmhY1IQ=="],

    "@supabase/realtime-js": ["@supabase/realtime-js@2.15.5", "", { "dependencies": { "@supabase/node-fetch": "^2.6.13", "@types/phoenix": "^1.6.6", "@types/ws": "^8.18.1", "ws": "^8.18.2" } }, "sha512-/Rs5Vqu9jejRD8ZeuaWXebdkH+J7V6VySbCZ/zQM93Ta5y3mAmocjioa/nzlB6qvFmyylUgKVS1KpE212t30OA=="],

    "@supabase/storage-js": ["@supabase/storage-js@2.12.1", "", { "dependencies": { "@supabase/node-fetch": "^2.6.14" } }, "sha512-QWg3HV6Db2J81VQx0PqLq0JDBn4Q8B1FYn1kYcbla8+d5WDmTdwwMr+EJAxNOSs9W4mhKMv+EYCpCrTFlTj4VQ=="],

    "@supabase/supabase-js": ["@supabase/supabase-js@2.57.4", "", { "dependencies": { "@supabase/auth-js": "2.71.1", "@supabase/functions-js": "2.4.6", "@supabase/node-fetch": "2.6.15", "@supabase/postgrest-js": "1.21.4", "@supabase/realtime-js": "2.15.5", "@supabase/storage-js": "2.12.1" } }, "sha512-LcbTzFhHYdwfQ7TRPfol0z04rLEyHabpGYANME6wkQ/kLtKNmI+Vy+WEM8HxeOZAtByUFxoUTTLwhXmrh+CcVw=="],

    "@types/node": ["@types/node@22.15.18", "", { "dependencies": { "undici-types": "~6.21.0" } }, "sha512-v1DKRfUdyW+jJhZNEI1PYy29S2YRxMV5AOO/x/SjKmW0acCIOqmbj6Haf9eHAhsPmrhlHSxEhv/1WszcLWV4cg=="],

    "@types/phoenix": ["@types/phoenix@1.6.6", "", {}, "sha512-PIzZZlEppgrpoT2QgbnDU+MMzuR6BbCjllj0bM70lWoejMeNJAxCchxnv7J3XFkI8MpygtRpzXrIlmWUBclP5A=="],

    "@types/ws": ["@types/ws@8.18.1", "", { "dependencies": { "@types/node": "*" } }, "sha512-ThVF6DCVhA8kUGy+aazFQ4kXQ7E1Ty7A3ypFOe0IcJV8O/M511G99AW24irKrW56Wt44yG9+ij8FaqoBGkuBXg=="],

    "hono": ["hono@4.9.6", "", {}, "sha512-doVjXhSFvYZ7y0dNokjwwSahcrAfdz+/BCLvAMa/vHLzjj8+CFyV5xteThGUsKdkaasgN+gF2mUxao+SGLpUeA=="],

    "tr46": ["tr46@0.0.3", "", {}, "sha512-N3WMsuqV66lT30CrXNbEjx4GEwlow3v6rr4mCcv6prnfwhS01rkgyFdjPNBYd9br7LpXV1+Emh01fHnq2Gdgrw=="],

    "typescript": ["typescript@5.8.3", "", { "bin": { "tsc": "bin/tsc", "tsserver": "bin/tsserver" } }, "sha512-p1diW6TqL9L07nNxvRMM7hMMw4c5XOo/1ibL4aAIGmSAt9slTE1Xgw5KWuof2uTOvCg9BY7ZRi+GaF+7sfgPeQ=="],

    "undici-types": ["undici-types@6.21.0", "", {}, "sha512-iwDZqg0QAGrg9Rav5H4n0M64c3mkR59cJ6wQp+7C4nI0gsmExaedaYLNO44eT4AtBBwjbTiGPMlt2Md0T9H9JQ=="],

    "webidl-conversions": ["webidl-conversions@3.0.1", "", {}, "sha512-2JAn3z8AR6rjK8Sm8orRC0h/bcl/DqL7tRPdGZ4I1CjdF+EaMLmYxBHyXuKL849eucPFhvBoxMsflfOb8kxaeQ=="],

    "whatwg-url": ["whatwg-url@5.0.0", "", { "dependencies": { "tr46": "~0.0.3", "webidl-conversions": "^3.0.0" } }, "sha512-saE57nupxk6v3HY35+jzBwYa0rKSy0XR8JSxZPwgLr7ys0IBzhGviA1/TUGJLmSVqs8pb9AnvICXEuOHLprYTw=="],

    "ws": ["ws@8.18.2", "", { "peerDependencies": { "bufferutil": "^4.0.1", "utf-8-validate": ">=5.0.2" }, "optionalPeers": ["bufferutil", "utf-8-validate"] }, "sha512-DMricUmwGZUVr++AEAe2uiVM7UoO9MAVZMDu05UQOaUII0lp+zOzLLU4Xqh/JvTqklB1T4uELaaPBKyjE1r4fQ=="],
  }
}
